// !$*UTF8*$!
{
	archiveVersion = 1;
	classes = {
	};
	objectVersion = 55;
	objects = {

/* Begin PBXBuildFile section */
		0E8FE6BCC260827950041B5D /* Pods_ParstagramTests.framework in Frameworks */ = {isa = PBXBuildFile; fileRef = C1F88CC45199AF84A427633C /* Pods_ParstagramTests.framework */; };
		143FACEEFE532BB0E06A3693 /* Pods_Parstagram.framework in Frameworks */ = {isa = PBXBuildFile; fileRef = 7BEA72B2037C479A2038C59C /* Pods_Parstagram.framework */; };
		1B81A29728F4D37F00FC5777 /* LoginViewController.swift in Sources */ = {isa = PBXBuildFile; fileRef = 1B81A29628F4D37F00FC5777 /* LoginViewController.swift */; };
		1B81A29928F4D38A00FC5777 /* FeedViewController.swift in Sources */ = {isa = PBXBuildFile; fileRef = 1B81A29828F4D38A00FC5777 /* FeedViewController.swift */; };
		1B81A29B28F51E6600FC5777 /* CameraViewController.swift in Sources */ = {isa = PBXBuildFile; fileRef = 1B81A29A28F51E6600FC5777 /* CameraViewController.swift */; };
		1B81A29D28F5272C00FC5777 /* PostCell.swift in Sources */ = {isa = PBXBuildFile; fileRef = 1B81A29C28F5272C00FC5777 /* PostCell.swift */; };
		1BB033E328F8E21F0013BDB9 /* CommentCell.swift in Sources */ = {isa = PBXBuildFile; fileRef = 1BB033E228F8E21F0013BDB9 /* CommentCell.swift */; };
		1BF082F828F4CF780036C4BF /* AppDelegate.swift in Sources */ = {isa = PBXBuildFile; fileRef = 1BF082F728F4CF780036C4BF /* AppDelegate.swift */; };
		1BF082FA28F4CF780036C4BF /* SceneDelegate.swift in Sources */ = {isa = PBXBuildFile; fileRef = 1BF082F928F4CF780036C4BF /* SceneDelegate.swift */; };
		1BF082FF28F4CF780036C4BF /* Main.storyboard in Resources */ = {isa = PBXBuildFile; fileRef = 1BF082FD28F4CF780036C4BF /* Main.storyboard */; };
		1BF0830128F4CF7D0036C4BF /* Assets.xcassets in Resources */ = {isa = PBXBuildFile; fileRef = 1BF0830028F4CF7D0036C4BF /* Assets.xcassets */; };
		1BF0830428F4CF7D0036C4BF /* LaunchScreen.storyboard in Resources */ = {isa = PBXBuildFile; fileRef = 1BF0830228F4CF7D0036C4BF /* LaunchScreen.storyboard */; };
		1BF0830F28F4CF7E0036C4BF /* ParstagramTests.swift in Sources */ = {isa = PBXBuildFile; fileRef = 1BF0830E28F4CF7E0036C4BF /* ParstagramTests.swift */; };
		1BF0831928F4CF7E0036C4BF /* ParstagramUITests.swift in Sources */ = {isa = PBXBuildFile; fileRef = 1BF0831828F4CF7E0036C4BF /* ParstagramUITests.swift */; };
		1BF0831B28F4CF7E0036C4BF /* ParstagramUITestsLaunchTests.swift in Sources */ = {isa = PBXBuildFile; fileRef = 1BF0831A28F4CF7E0036C4BF /* ParstagramUITestsLaunchTests.swift */; };
		61DAEEA64CF4B5966806423B /* Pods_Parstagram_ParstagramUITests.framework in Frameworks */ = {isa = PBXBuildFile; fileRef = BB575611DDBAF4E34D2ECD12 /* Pods_Parstagram_ParstagramUITests.framework */; };
/* End PBXBuildFile section */

/* Begin PBXContainerItemProxy section */
		1BF0830B28F4CF7E0036C4BF /* PBXContainerItemProxy */ = {
			isa = PBXContainerItemProxy;
			containerPortal = 1BF082EC28F4CF770036C4BF /* Project object */;
			proxyType = 1;
			remoteGlobalIDString = 1BF082F328F4CF770036C4BF;
			remoteInfo = Parstagram;
		};
		1BF0831528F4CF7E0036C4BF /* PBXContainerItemProxy */ = {
			isa = PBXContainerItemProxy;
			containerPortal = 1BF082EC28F4CF770036C4BF /* Project object */;
			proxyType = 1;
			remoteGlobalIDString = 1BF082F328F4CF770036C4BF;
			remoteInfo = Parstagram;
		};
/* End PBXContainerItemProxy section */

/* Begin PBXFileReference section */
		0033AB8EEDED67D6E64F6581 /* Pods-Parstagram-ParstagramUITests.release.xcconfig */ = {isa = PBXFileReference; includeInIndex = 1; lastKnownFileType = text.xcconfig; name = "Pods-Parstagram-ParstagramUITests.release.xcconfig"; path = "Target Support Files/Pods-Parstagram-ParstagramUITests/Pods-Parstagram-ParstagramUITests.release.xcconfig"; sourceTree = "<group>"; };
		1B81A29628F4D37F00FC5777 /* LoginViewController.swift */ = {isa = PBXFileReference; lastKnownFileType = sourcecode.swift; path = LoginViewController.swift; sourceTree = "<group>"; };
		1B81A29828F4D38A00FC5777 /* FeedViewController.swift */ = {isa = PBXFileReference; lastKnownFileType = sourcecode.swift; path = FeedViewController.swift; sourceTree = "<group>"; };
		1B81A29A28F51E6600FC5777 /* CameraViewController.swift */ = {isa = PBXFileReference; lastKnownFileType = sourcecode.swift; path = CameraViewController.swift; sourceTree = "<group>"; };
		1B81A29C28F5272C00FC5777 /* PostCell.swift */ = {isa = PBXFileReference; lastKnownFileType = sourcecode.swift; path = PostCell.swift; sourceTree = "<group>"; };
		1BB033E228F8E21F0013BDB9 /* CommentCell.swift */ = {isa = PBXFileReference; lastKnownFileType = sourcecode.swift; path = CommentCell.swift; sourceTree = "<group>"; };
		1BF082F428F4CF780036C4BF /* Parstagram.app */ = {isa = PBXFileReference; explicitFileType = wrapper.application; includeInIndex = 0; path = Parstagram.app; sourceTree = BUILT_PRODUCTS_DIR; };
		1BF082F728F4CF780036C4BF /* AppDelegate.swift */ = {isa = PBXFileReference; lastKnownFileType = sourcecode.swift; path = AppDelegate.swift; sourceTree = "<group>"; };
		1BF082F928F4CF780036C4BF /* SceneDelegate.swift */ = {isa = PBXFileReference; lastKnownFileType = sourcecode.swift; path = SceneDelegate.swift; sourceTree = "<group>"; };
		1BF082FE28F4CF780036C4BF /* Base */ = {isa = PBXFileReference; lastKnownFileType = file.storyboard; name = Base; path = Base.lproj/Main.storyboard; sourceTree = "<group>"; };
		1BF0830028F4CF7D0036C4BF /* Assets.xcassets */ = {isa = PBXFileReference; lastKnownFileType = folder.assetcatalog; path = Assets.xcassets; sourceTree = "<group>"; };
		1BF0830328F4CF7D0036C4BF /* Base */ = {isa = PBXFileReference; lastKnownFileType = file.storyboard; name = Base; path = Base.lproj/LaunchScreen.storyboard; sourceTree = "<group>"; };
		1BF0830528F4CF7D0036C4BF /* Info.plist */ = {isa = PBXFileReference; lastKnownFileType = text.plist.xml; path = Info.plist; sourceTree = "<group>"; };
		1BF0830A28F4CF7E0036C4BF /* ParstagramTests.xctest */ = {isa = PBXFileReference; explicitFileType = wrapper.cfbundle; includeInIndex = 0; path = ParstagramTests.xctest; sourceTree = BUILT_PRODUCTS_DIR; };
		1BF0830E28F4CF7E0036C4BF /* ParstagramTests.swift */ = {isa = PBXFileReference; lastKnownFileType = sourcecode.swift; path = ParstagramTests.swift; sourceTree = "<group>"; };
		1BF0831428F4CF7E0036C4BF /* ParstagramUITests.xctest */ = {isa = PBXFileReference; explicitFileType = wrapper.cfbundle; includeInIndex = 0; path = ParstagramUITests.xctest; sourceTree = BUILT_PRODUCTS_DIR; };
		1BF0831828F4CF7E0036C4BF /* ParstagramUITests.swift */ = {isa = PBXFileReference; lastKnownFileType = sourcecode.swift; path = ParstagramUITests.swift; sourceTree = "<group>"; };
		1BF0831A28F4CF7E0036C4BF /* ParstagramUITestsLaunchTests.swift */ = {isa = PBXFileReference; lastKnownFileType = sourcecode.swift; path = ParstagramUITestsLaunchTests.swift; sourceTree = "<group>"; };
		24802F6F82DDFA985001526D /* Pods-Parstagram.debug.xcconfig */ = {isa = PBXFileReference; includeInIndex = 1; lastKnownFileType = text.xcconfig; name = "Pods-Parstagram.debug.xcconfig"; path = "Target Support Files/Pods-Parstagram/Pods-Parstagram.debug.xcconfig"; sourceTree = "<group>"; };
		25B0BA827425A0701B8708D5 /* Pods-ParstagramTests.release.xcconfig */ = {isa = PBXFileReference; includeInIndex = 1; lastKnownFileType = text.xcconfig; name = "Pods-ParstagramTests.release.xcconfig"; path = "Target Support Files/Pods-ParstagramTests/Pods-ParstagramTests.release.xcconfig"; sourceTree = "<group>"; };
		69059D53AE5C4FDD5CFE4CE1 /* Pods-Parstagram-ParstagramUITests.debug.xcconfig */ = {isa = PBXFileReference; includeInIndex = 1; lastKnownFileType = text.xcconfig; name = "Pods-Parstagram-ParstagramUITests.debug.xcconfig"; path = "Target Support Files/Pods-Parstagram-ParstagramUITests/Pods-Parstagram-ParstagramUITests.debug.xcconfig"; sourceTree = "<group>"; };
		7BEA72B2037C479A2038C59C /* Pods_Parstagram.framework */ = {isa = PBXFileReference; explicitFileType = wrapper.framework; includeInIndex = 0; path = Pods_Parstagram.framework; sourceTree = BUILT_PRODUCTS_DIR; };
		B5C7E9EE3FED12B6FB9B6146 /* Pods-ParstagramTests.debug.xcconfig */ = {isa = PBXFileReference; includeInIndex = 1; lastKnownFileType = text.xcconfig; name = "Pods-ParstagramTests.debug.xcconfig"; path = "Target Support Files/Pods-ParstagramTests/Pods-ParstagramTests.debug.xcconfig"; sourceTree = "<group>"; };
		BB575611DDBAF4E34D2ECD12 /* Pods_Parstagram_ParstagramUITests.framework */ = {isa = PBXFileReference; explicitFileType = wrapper.framework; includeInIndex = 0; path = Pods_Parstagram_ParstagramUITests.framework; sourceTree = BUILT_PRODUCTS_DIR; };
		C1F88CC45199AF84A427633C /* Pods_ParstagramTests.framework */ = {isa = PBXFileReference; explicitFileType = wrapper.framework; includeInIndex = 0; path = Pods_ParstagramTests.framework; sourceTree = BUILT_PRODUCTS_DIR; };
		EBB40FDF2EE68AC16CE70783 /* Pods-Parstagram.release.xcconfig */ = {isa = PBXFileReference; includeInIndex = 1; lastKnownFileType = text.xcconfig; name = "Pods-Parstagram.release.xcconfig"; path = "Target Support Files/Pods-Parstagram/Pods-Parstagram.release.xcconfig"; sourceTree = "<group>"; };
/* End PBXFileReference section */

/* Begin PBXFrameworksBuildPhase section */
		1BF082F128F4CF770036C4BF /* Frameworks */ = {
			isa = PBXFrameworksBuildPhase;
			buildActionMask = 2147483647;
			files = (
				143FACEEFE532BB0E06A3693 /* Pods_Parstagram.framework in Frameworks */,
			);
			runOnlyForDeploymentPostprocessing = 0;
		};
		1BF0830728F4CF7E0036C4BF /* Frameworks */ = {
			isa = PBXFrameworksBuildPhase;
			buildActionMask = 2147483647;
			files = (
				0E8FE6BCC260827950041B5D /* Pods_ParstagramTests.framework in Frameworks */,
			);
			runOnlyForDeploymentPostprocessing = 0;
		};
		1BF0831128F4CF7E0036C4BF /* Frameworks */ = {
			isa = PBXFrameworksBuildPhase;
			buildActionMask = 2147483647;
			files = (
				61DAEEA64CF4B5966806423B /* Pods_Parstagram_ParstagramUITests.framework in Frameworks */,
			);
			runOnlyForDeploymentPostprocessing = 0;
		};
/* End PBXFrameworksBuildPhase section */

/* Begin PBXGroup section */
		1BF082EB28F4CF770036C4BF = {
			isa = PBXGroup;
			children = (
				1BF082F628F4CF780036C4BF /* Parstagram */,
				1BF0830D28F4CF7E0036C4BF /* ParstagramTests */,
				1BF0831728F4CF7E0036C4BF /* ParstagramUITests */,
				1BF082F528F4CF780036C4BF /* Products */,
				2C85F81CA72A1C0EB0E7D6EC /* Pods */,
				2A7AC731FB0071697DF7BD31 /* Frameworks */,
			);
			sourceTree = "<group>";
		};
		1BF082F528F4CF780036C4BF /* Products */ = {
			isa = PBXGroup;
			children = (
				1BF082F428F4CF780036C4BF /* Parstagram.app */,
				1BF0830A28F4CF7E0036C4BF /* ParstagramTests.xctest */,
				1BF0831428F4CF7E0036C4BF /* ParstagramUITests.xctest */,
			);
			name = Products;
			sourceTree = "<group>";
		};
		1BF082F628F4CF780036C4BF /* Parstagram */ = {
			isa = PBXGroup;
			children = (
				1BF082F728F4CF780036C4BF /* AppDelegate.swift */,
				1BF082F928F4CF780036C4BF /* SceneDelegate.swift */,
				1BF082FD28F4CF780036C4BF /* Main.storyboard */,
				1BF0830028F4CF7D0036C4BF /* Assets.xcassets */,
				1BF0830228F4CF7D0036C4BF /* LaunchScreen.storyboard */,
				1BF0830528F4CF7D0036C4BF /* Info.plist */,
				1B81A29628F4D37F00FC5777 /* LoginViewController.swift */,
				1B81A29828F4D38A00FC5777 /* FeedViewController.swift */,
				1B81A29A28F51E6600FC5777 /* CameraViewController.swift */,
				1B81A29C28F5272C00FC5777 /* PostCell.swift */,
				1BB033E228F8E21F0013BDB9 /* CommentCell.swift */,
			);
			path = Parstagram;
			sourceTree = "<group>";
		};
		1BF0830D28F4CF7E0036C4BF /* ParstagramTests */ = {
			isa = PBXGroup;
			children = (
				1BF0830E28F4CF7E0036C4BF /* ParstagramTests.swift */,
			);
			path = ParstagramTests;
			sourceTree = "<group>";
		};
		1BF0831728F4CF7E0036C4BF /* ParstagramUITests */ = {
			isa = PBXGroup;
			children = (
				1BF0831828F4CF7E0036C4BF /* ParstagramUITests.swift */,
				1BF0831A28F4CF7E0036C4BF /* ParstagramUITestsLaunchTests.swift */,
			);
			path = ParstagramUITests;
			sourceTree = "<group>";
		};
		2A7AC731FB0071697DF7BD31 /* Frameworks */ = {
			isa = PBXGroup;
			children = (
				7BEA72B2037C479A2038C59C /* Pods_Parstagram.framework */,
				BB575611DDBAF4E34D2ECD12 /* Pods_Parstagram_ParstagramUITests.framework */,
				C1F88CC45199AF84A427633C /* Pods_ParstagramTests.framework */,
			);
			name = Frameworks;
			sourceTree = "<group>";
		};
		2C85F81CA72A1C0EB0E7D6EC /* Pods */ = {
			isa = PBXGroup;
			children = (
				24802F6F82DDFA985001526D /* Pods-Parstagram.debug.xcconfig */,
				EBB40FDF2EE68AC16CE70783 /* Pods-Parstagram.release.xcconfig */,
				69059D53AE5C4FDD5CFE4CE1 /* Pods-Parstagram-ParstagramUITests.debug.xcconfig */,
				0033AB8EEDED67D6E64F6581 /* Pods-Parstagram-ParstagramUITests.release.xcconfig */,
				B5C7E9EE3FED12B6FB9B6146 /* Pods-ParstagramTests.debug.xcconfig */,
				25B0BA827425A0701B8708D5 /* Pods-ParstagramTests.release.xcconfig */,
			);
			path = Pods;
			sourceTree = "<group>";
		};
/* End PBXGroup section */

/* Begin PBXNativeTarget section */
		1BF082F328F4CF770036C4BF /* Parstagram */ = {
			isa = PBXNativeTarget;
			buildConfigurationList = 1BF0831E28F4CF7E0036C4BF /* Build configuration list for PBXNativeTarget "Parstagram" */;
			buildPhases = (
				FE88B86F62169E2A4C0EEEF5 /* [CP] Check Pods Manifest.lock */,
				1BF082F028F4CF770036C4BF /* Sources */,
				1BF082F128F4CF770036C4BF /* Frameworks */,
				1BF082F228F4CF770036C4BF /* Resources */,
				47F1556D89A4A22550B82BCD /* [CP] Embed Pods Frameworks */,
			);
			buildRules = (
			);
			dependencies = (
			);
			name = Parstagram;
			productName = Parstagram;
			productReference = 1BF082F428F4CF780036C4BF /* Parstagram.app */;
			productType = "com.apple.product-type.application";
		};
		1BF0830928F4CF7E0036C4BF /* ParstagramTests */ = {
			isa = PBXNativeTarget;
			buildConfigurationList = 1BF0832128F4CF7E0036C4BF /* Build configuration list for PBXNativeTarget "ParstagramTests" */;
			buildPhases = (
				507EB4D1470A494243822E01 /* [CP] Check Pods Manifest.lock */,
				1BF0830628F4CF7E0036C4BF /* Sources */,
				1BF0830728F4CF7E0036C4BF /* Frameworks */,
				1BF0830828F4CF7E0036C4BF /* Resources */,
			);
			buildRules = (
			);
			dependencies = (
				1BF0830C28F4CF7E0036C4BF /* PBXTargetDependency */,
			);
			name = ParstagramTests;
			productName = ParstagramTests;
			productReference = 1BF0830A28F4CF7E0036C4BF /* ParstagramTests.xctest */;
			productType = "com.apple.product-type.bundle.unit-test";
		};
		1BF0831328F4CF7E0036C4BF /* ParstagramUITests */ = {
			isa = PBXNativeTarget;
			buildConfigurationList = 1BF0832428F4CF7E0036C4BF /* Build configuration list for PBXNativeTarget "ParstagramUITests" */;
			buildPhases = (
				86CFDAE628BD2BFFC117ECFD /* [CP] Check Pods Manifest.lock */,
				1BF0831028F4CF7E0036C4BF /* Sources */,
				1BF0831128F4CF7E0036C4BF /* Frameworks */,
				1BF0831228F4CF7E0036C4BF /* Resources */,
				79990D87DD9D0462E3748CEC /* [CP] Embed Pods Frameworks */,
			);
			buildRules = (
			);
			dependencies = (
				1BF0831628F4CF7E0036C4BF /* PBXTargetDependency */,
			);
			name = ParstagramUITests;
			productName = ParstagramUITests;
			productReference = 1BF0831428F4CF7E0036C4BF /* ParstagramUITests.xctest */;
			productType = "com.apple.product-type.bundle.ui-testing";
		};
/* End PBXNativeTarget section */

/* Begin PBXProject section */
		1BF082EC28F4CF770036C4BF /* Project object */ = {
			isa = PBXProject;
			attributes = {
				BuildIndependentTargetsInParallel = 1;
				LastSwiftUpdateCheck = 1340;
				LastUpgradeCheck = 1340;
				TargetAttributes = {
					1BF082F328F4CF770036C4BF = {
						CreatedOnToolsVersion = 13.4.1;
					};
					1BF0830928F4CF7E0036C4BF = {
						CreatedOnToolsVersion = 13.4.1;
						TestTargetID = 1BF082F328F4CF770036C4BF;
					};
					1BF0831328F4CF7E0036C4BF = {
						CreatedOnToolsVersion = 13.4.1;
						TestTargetID = 1BF082F328F4CF770036C4BF;
					};
				};
			};
			buildConfigurationList = 1BF082EF28F4CF770036C4BF /* Build configuration list for PBXProject "Parstagram" */;
			compatibilityVersion = "Xcode 13.0";
			developmentRegion = en;
			hasScannedForEncodings = 0;
			knownRegions = (
				en,
				Base,
			);
			mainGroup = 1BF082EB28F4CF770036C4BF;
			productRefGroup = 1BF082F528F4CF780036C4BF /* Products */;
			projectDirPath = "";
			projectRoot = "";
			targets = (
				1BF082F328F4CF770036C4BF /* Parstagram */,
				1BF0830928F4CF7E0036C4BF /* ParstagramTests */,
				1BF0831328F4CF7E0036C4BF /* ParstagramUITests */,
			);
		};
/* End PBXProject section */

/* Begin PBXResourcesBuildPhase section */
		1BF082F228F4CF770036C4BF /* Resources */ = {
			isa = PBXResourcesBuildPhase;
			buildActionMask = 2147483647;
			files = (
				1BF0830428F4CF7D0036C4BF /* LaunchScreen.storyboard in Resources */,
				1BF0830128F4CF7D0036C4BF /* Assets.xcassets in Resources */,
				1BF082FF28F4CF780036C4BF /* Main.storyboard in Resources */,
			);
			runOnlyForDeploymentPostprocessing = 0;
		};
		1BF0830828F4CF7E0036C4BF /* Resources */ = {
			isa = PBXResourcesBuildPhase;
			buildActionMask = 2147483647;
			files = (
			);
			runOnlyForDeploymentPostprocessing = 0;
		};
		1BF0831228F4CF7E0036C4BF /* Resources */ = {
			isa = PBXResourcesBuildPhase;
			buildActionMask = 2147483647;
			files = (
			);
			runOnlyForDeploymentPostprocessing = 0;
		};
/* End PBXResourcesBuildPhase section */

/* Begin PBXShellScriptBuildPhase section */
		47F1556D89A4A22550B82BCD /* [CP] Embed Pods Frameworks */ = {
			isa = PBXShellScriptBuildPhase;
			buildActionMask = 2147483647;
			files = (
			);
			inputFileListPaths = (
				"${PODS_ROOT}/Target Support Files/Pods-Parstagram/Pods-Parstagram-frameworks-${CONFIGURATION}-input-files.xcfilelist",
			);
			name = "[CP] Embed Pods Frameworks";
			outputFileListPaths = (
				"${PODS_ROOT}/Target Support Files/Pods-Parstagram/Pods-Parstagram-frameworks-${CONFIGURATION}-output-files.xcfilelist",
			);
			runOnlyForDeploymentPostprocessing = 0;
			shellPath = /bin/sh;
			shellScript = "\"${PODS_ROOT}/Target Support Files/Pods-Parstagram/Pods-Parstagram-frameworks.sh\"\n";
			showEnvVarsInLog = 0;
		};
		507EB4D1470A494243822E01 /* [CP] Check Pods Manifest.lock */ = {
			isa = PBXShellScriptBuildPhase;
			buildActionMask = 2147483647;
			files = (
			);
			inputFileListPaths = (
			);
			inputPaths = (
				"${PODS_PODFILE_DIR_PATH}/Podfile.lock",
				"${PODS_ROOT}/Manifest.lock",
			);
			name = "[CP] Check Pods Manifest.lock";
			outputFileListPaths = (
			);
			outputPaths = (
				"$(DERIVED_FILE_DIR)/Pods-ParstagramTests-checkManifestLockResult.txt",
			);
			runOnlyForDeploymentPostprocessing = 0;
			shellPath = /bin/sh;
			shellScript = "diff \"${PODS_PODFILE_DIR_PATH}/Podfile.lock\" \"${PODS_ROOT}/Manifest.lock\" > /dev/null\nif [ $? != 0 ] ; then\n    # print error to STDERR\n    echo \"error: The sandbox is not in sync with the Podfile.lock. Run 'pod install' or update your CocoaPods installation.\" >&2\n    exit 1\nfi\n# This output is used by Xcode 'outputs' to avoid re-running this script phase.\necho \"SUCCESS\" > \"${SCRIPT_OUTPUT_FILE_0}\"\n";
			showEnvVarsInLog = 0;
		};
		79990D87DD9D0462E3748CEC /* [CP] Embed Pods Frameworks */ = {
			isa = PBXShellScriptBuildPhase;
			buildActionMask = 2147483647;
			files = (
			);
			inputFileListPaths = (
				"${PODS_ROOT}/Target Support Files/Pods-Parstagram-ParstagramUITests/Pods-Parstagram-ParstagramUITests-frameworks-${CONFIGURATION}-input-files.xcfilelist",
			);
			name = "[CP] Embed Pods Frameworks";
			outputFileListPaths = (
				"${PODS_ROOT}/Target Support Files/Pods-Parstagram-ParstagramUITests/Pods-Parstagram-ParstagramUITests-frameworks-${CONFIGURATION}-output-files.xcfilelist",
			);
			runOnlyForDeploymentPostprocessing = 0;
			shellPath = /bin/sh;
			shellScript = "\"${PODS_ROOT}/Target Support Files/Pods-Parstagram-ParstagramUITests/Pods-Parstagram-ParstagramUITests-frameworks.sh\"\n";
			showEnvVarsInLog = 0;
		};
		86CFDAE628BD2BFFC117ECFD /* [CP] Check Pods Manifest.lock */ = {
			isa = PBXShellScriptBuildPhase;
			buildActionMask = 2147483647;
			files = (
			);
			inputFileListPaths = (
			);
			inputPaths = (
				"${PODS_PODFILE_DIR_PATH}/Podfile.lock",
				"${PODS_ROOT}/Manifest.lock",
			);
			name = "[CP] Check Pods Manifest.lock";
			outputFileListPaths = (
			);
			outputPaths = (
				"$(DERIVED_FILE_DIR)/Pods-Parstagram-ParstagramUITests-checkManifestLockResult.txt",
			);
			runOnlyForDeploymentPostprocessing = 0;
			shellPath = /bin/sh;
			shellScript = "diff \"${PODS_PODFILE_DIR_PATH}/Podfile.lock\" \"${PODS_ROOT}/Manifest.lock\" > /dev/null\nif [ $? != 0 ] ; then\n    # print error to STDERR\n    echo \"error: The sandbox is not in sync with the Podfile.lock. Run 'pod install' or update your CocoaPods installation.\" >&2\n    exit 1\nfi\n# This output is used by Xcode 'outputs' to avoid re-running this script phase.\necho \"SUCCESS\" > \"${SCRIPT_OUTPUT_FILE_0}\"\n";
			showEnvVarsInLog = 0;
		};
		FE88B86F62169E2A4C0EEEF5 /* [CP] Check Pods Manifest.lock */ = {
			isa = PBXShellScriptBuildPhase;
			buildActionMask = 2147483647;
			files = (
			);
			inputFileListPaths = (
			);
			inputPaths = (
				"${PODS_PODFILE_DIR_PATH}/Podfile.lock",
				"${PODS_ROOT}/Manifest.lock",
			);
			name = "[CP] Check Pods Manifest.lock";
			outputFileListPaths = (
			);
			outputPaths = (
				"$(DERIVED_FILE_DIR)/Pods-Parstagram-checkManifestLockResult.txt",
			);
			runOnlyForDeploymentPostprocessing = 0;
			shellPath = /bin/sh;
			shellScript = "diff \"${PODS_PODFILE_DIR_PATH}/Podfile.lock\" \"${PODS_ROOT}/Manifest.lock\" > /dev/null\nif [ $? != 0 ] ; then\n    # print error to STDERR\n    echo \"error: The sandbox is not in sync with the Podfile.lock. Run 'pod install' or update your CocoaPods installation.\" >&2\n    exit 1\nfi\n# This output is used by Xcode 'outputs' to avoid re-running this script phase.\necho \"SUCCESS\" > \"${SCRIPT_OUTPUT_FILE_0}\"\n";
			showEnvVarsInLog = 0;
		};
/* End PBXShellScriptBuildPhase section */

/* Begin PBXSourcesBuildPhase section */
		1BF082F028F4CF770036C4BF /* Sources */ = {
			isa = PBXSourcesBuildPhase;
			buildActionMask = 2147483647;
			files = (
				1B81A29728F4D37F00FC5777 /* LoginViewController.swift in Sources */,
				1B81A29B28F51E6600FC5777 /* CameraViewController.swift in Sources */,
				1BF082F828F4CF780036C4BF /* AppDelegate.swift in Sources */,
				1B81A29928F4D38A00FC5777 /* FeedViewController.swift in Sources */,
				1BF082FA28F4CF780036C4BF /* SceneDelegate.swift in Sources */,
				1B81A29D28F5272C00FC5777 /* PostCell.swift in Sources */,
				1BB033E328F8E21F0013BDB9 /* CommentCell.swift in Sources */,
			);
			runOnlyForDeploymentPostprocessing = 0;
		};
		1BF0830628F4CF7E0036C4BF /* Sources */ = {
			isa = PBXSourcesBuildPhase;
			buildActionMask = 2147483647;
			files = (
				1BF0830F28F4CF7E0036C4BF /* ParstagramTests.swift in Sources */,
			);
			runOnlyForDeploymentPostprocessing = 0;
		};
		1BF0831028F4CF7E0036C4BF /* Sources */ = {
			isa = PBXSourcesBuildPhase;
			buildActionMask = 2147483647;
			files = (
				1BF0831B28F4CF7E0036C4BF /* ParstagramUITestsLaunchTests.swift in Sources */,
				1BF0831928F4CF7E0036C4BF /* ParstagramUITests.swift in Sources */,
			);
			runOnlyForDeploymentPostprocessing = 0;
		};
/* End PBXSourcesBuildPhase section */

/* Begin PBXTargetDependency section */
		1BF0830C28F4CF7E0036C4BF /* PBXTargetDependency */ = {
			isa = PBXTargetDependency;
			target = 1BF082F328F4CF770036C4BF /* Parstagram */;
			targetProxy = 1BF0830B28F4CF7E0036C4BF /* PBXContainerItemProxy */;
		};
		1BF0831628F4CF7E0036C4BF /* PBXTargetDependency */ = {
			isa = PBXTargetDependency;
			target = 1BF082F328F4CF770036C4BF /* Parstagram */;
			targetProxy = 1BF0831528F4CF7E0036C4BF /* PBXContainerItemProxy */;
		};
/* End PBXTargetDependency section */

/* Begin PBXVariantGroup section */
		1BF082FD28F4CF780036C4BF /* Main.storyboard */ = {
			isa = PBXVariantGroup;
			children = (
				1BF082FE28F4CF780036C4BF /* Base */,
			);
			name = Main.storyboard;
			sourceTree = "<group>";
		};
		1BF0830228F4CF7D0036C4BF /* LaunchScreen.storyboard */ = {
			isa = PBXVariantGroup;
			children = (
				1BF0830328F4CF7D0036C4BF /* Base */,
			);
			name = LaunchScreen.storyboard;
			sourceTree = "<group>";
		};
/* End PBXVariantGroup section */

/* Begin XCBuildConfiguration section */
		1BF0831C28F4CF7E0036C4BF /* Debug */ = {
			isa = XCBuildConfiguration;
			buildSettings = {
				ALWAYS_SEARCH_USER_PATHS = NO;
				CLANG_ANALYZER_NONNULL = YES;
				CLANG_ANALYZER_NUMBER_OBJECT_CONVERSION = YES_AGGRESSIVE;
				CLANG_CXX_LANGUAGE_STANDARD = "gnu++17";
				CLANG_ENABLE_MODULES = YES;
				CLANG_ENABLE_OBJC_ARC = YES;
				CLANG_ENABLE_OBJC_WEAK = YES;
				CLANG_WARN_BLOCK_CAPTURE_AUTORELEASING = YES;
				CLANG_WARN_BOOL_CONVERSION = YES;
				CLANG_WARN_COMMA = YES;
				CLANG_WARN_CONSTANT_CONVERSION = YES;
				CLANG_WARN_DEPRECATED_OBJC_IMPLEMENTATIONS = YES;
				CLANG_WARN_DIRECT_OBJC_ISA_USAGE = YES_ERROR;
				CLANG_WARN_DOCUMENTATION_COMMENTS = YES;
				CLANG_WARN_EMPTY_BODY = YES;
				CLANG_WARN_ENUM_CONVERSION = YES;
				CLANG_WARN_INFINITE_RECURSION = YES;
				CLANG_WARN_INT_CONVERSION = YES;
				CLANG_WARN_NON_LITERAL_NULL_CONVERSION = YES;
				CLANG_WARN_OBJC_IMPLICIT_RETAIN_SELF = YES;
				CLANG_WARN_OBJC_LITERAL_CONVERSION = YES;
				CLANG_WARN_OBJC_ROOT_CLASS = YES_ERROR;
				CLANG_WARN_QUOTED_INCLUDE_IN_FRAMEWORK_HEADER = YES;
				CLANG_WARN_RANGE_LOOP_ANALYSIS = YES;
				CLANG_WARN_STRICT_PROTOTYPES = YES;
				CLANG_WARN_SUSPICIOUS_MOVE = YES;
				CLANG_WARN_UNGUARDED_AVAILABILITY = YES_AGGRESSIVE;
				CLANG_WARN_UNREACHABLE_CODE = YES;
				CLANG_WARN__DUPLICATE_METHOD_MATCH = YES;
				COPY_PHASE_STRIP = NO;
				DEBUG_INFORMATION_FORMAT = dwarf;
				ENABLE_STRICT_OBJC_MSGSEND = YES;
				ENABLE_TESTABILITY = YES;
				GCC_C_LANGUAGE_STANDARD = gnu11;
				GCC_DYNAMIC_NO_PIC = NO;
				GCC_NO_COMMON_BLOCKS = YES;
				GCC_OPTIMIZATION_LEVEL = 0;
				GCC_PREPROCESSOR_DEFINITIONS = (
					"DEBUG=1",
					"$(inherited)",
				);
				GCC_WARN_64_TO_32_BIT_CONVERSION = YES;
				GCC_WARN_ABOUT_RETURN_TYPE = YES_ERROR;
				GCC_WARN_UNDECLARED_SELECTOR = YES;
				GCC_WARN_UNINITIALIZED_AUTOS = YES_AGGRESSIVE;
				GCC_WARN_UNUSED_FUNCTION = YES;
				GCC_WARN_UNUSED_VARIABLE = YES;
				IPHONEOS_DEPLOYMENT_TARGET = 15.5;
				MTL_ENABLE_DEBUG_INFO = INCLUDE_SOURCE;
				MTL_FAST_MATH = YES;
				ONLY_ACTIVE_ARCH = YES;
				SDKROOT = iphoneos;
				SWIFT_ACTIVE_COMPILATION_CONDITIONS = DEBUG;
				SWIFT_OPTIMIZATION_LEVEL = "-Onone";
			};
			name = Debug;
		};
		1BF0831D28F4CF7E0036C4BF /* Release */ = {
			isa = XCBuildConfiguration;
			buildSettings = {
				ALWAYS_SEARCH_USER_PATHS = NO;
				CLANG_ANALYZER_NONNULL = YES;
				CLANG_ANALYZER_NUMBER_OBJECT_CONVERSION = YES_AGGRESSIVE;
				CLANG_CXX_LANGUAGE_STANDARD = "gnu++17";
				CLANG_ENABLE_MODULES = YES;
				CLANG_ENABLE_OBJC_ARC = YES;
				CLANG_ENABLE_OBJC_WEAK = YES;
				CLANG_WARN_BLOCK_CAPTURE_AUTORELEASING = YES;
				CLANG_WARN_BOOL_CONVERSION = YES;
				CLANG_WARN_COMMA = YES;
				CLANG_WARN_CONSTANT_CONVERSION = YES;
				CLANG_WARN_DEPRECATED_OBJC_IMPLEMENTATIONS = YES;
				CLANG_WARN_DIRECT_OBJC_ISA_USAGE = YES_ERROR;
				CLANG_WARN_DOCUMENTATION_COMMENTS = YES;
				CLANG_WARN_EMPTY_BODY = YES;
				CLANG_WARN_ENUM_CONVERSION = YES;
				CLANG_WARN_INFINITE_RECURSION = YES;
				CLANG_WARN_INT_CONVERSION = YES;
				CLANG_WARN_NON_LITERAL_NULL_CONVERSION = YES;
				CLANG_WARN_OBJC_IMPLICIT_RETAIN_SELF = YES;
				CLANG_WARN_OBJC_LITERAL_CONVERSION = YES;
				CLANG_WARN_OBJC_ROOT_CLASS = YES_ERROR;
				CLANG_WARN_QUOTED_INCLUDE_IN_FRAMEWORK_HEADER = YES;
				CLANG_WARN_RANGE_LOOP_ANALYSIS = YES;
				CLANG_WARN_STRICT_PROTOTYPES = YES;
				CLANG_WARN_SUSPICIOUS_MOVE = YES;
				CLANG_WARN_UNGUARDED_AVAILABILITY = YES_AGGRESSIVE;
				CLANG_WARN_UNREACHABLE_CODE = YES;
				CLANG_WARN__DUPLICATE_METHOD_MATCH = YES;
				COPY_PHASE_STRIP = NO;
				DEBUG_INFORMATION_FORMAT = "dwarf-with-dsym";
				ENABLE_NS_ASSERTIONS = NO;
				ENABLE_STRICT_OBJC_MSGSEND = YES;
				GCC_C_LANGUAGE_STANDARD = gnu11;
				GCC_NO_COMMON_BLOCKS = YES;
				GCC_WARN_64_TO_32_BIT_CONVERSION = YES;
				GCC_WARN_ABOUT_RETURN_TYPE = YES_ERROR;
				GCC_WARN_UNDECLARED_SELECTOR = YES;
				GCC_WARN_UNINITIALIZED_AUTOS = YES_AGGRESSIVE;
				GCC_WARN_UNUSED_FUNCTION = YES;
				GCC_WARN_UNUSED_VARIABLE = YES;
				IPHONEOS_DEPLOYMENT_TARGET = 15.5;
				MTL_ENABLE_DEBUG_INFO = NO;
				MTL_FAST_MATH = YES;
				SDKROOT = iphoneos;
				SWIFT_COMPILATION_MODE = wholemodule;
				SWIFT_OPTIMIZATION_LEVEL = "-O";
				VALIDATE_PRODUCT = YES;
			};
			name = Release;
		};
		1BF0831F28F4CF7E0036C4BF /* Debug */ = {
			isa = XCBuildConfiguration;
			baseConfigurationReference = 24802F6F82DDFA985001526D /* Pods-Parstagram.debug.xcconfig */;
			buildSettings = {
				ASSETCATALOG_COMPILER_APPICON_NAME = AppIcon;
				ASSETCATALOG_COMPILER_GLOBAL_ACCENT_COLOR_NAME = AccentColor;
				CODE_SIGN_STYLE = Automatic;
				CURRENT_PROJECT_VERSION = 1;
				GENERATE_INFOPLIST_FILE = YES;
				INFOPLIST_FILE = Parstagram/Info.plist;
				INFOPLIST_KEY_UIApplicationSupportsIndirectInputEvents = YES;
				INFOPLIST_KEY_UILaunchStoryboardName = LaunchScreen;
				INFOPLIST_KEY_UIMainStoryboardFile = Main;
				INFOPLIST_KEY_UISupportedInterfaceOrientations_iPad = "UIInterfaceOrientationPortrait UIInterfaceOrientationPortraitUpsideDown UIInterfaceOrientationLandscapeLeft UIInterfaceOrientationLandscapeRight";
				INFOPLIST_KEY_UISupportedInterfaceOrientations_iPhone = "UIInterfaceOrientationPortrait UIInterfaceOrientationLandscapeLeft UIInterfaceOrientationLandscapeRight";
				LD_RUNPATH_SEARCH_PATHS = (
					"$(inherited)",
					"@executable_path/Frameworks",
				);
				MARKETING_VERSION = 1.0;
				PRODUCT_BUNDLE_IDENTIFIER = codepath.Parstagram;
				PRODUCT_NAME = "$(TARGET_NAME)";
				SWIFT_EMIT_LOC_STRINGS = YES;
				SWIFT_VERSION = 5.0;
				TARGETED_DEVICE_FAMILY = "1,2";
			};
			name = Debug;
		};
		1BF0832028F4CF7E0036C4BF /* Release */ = {
			isa = XCBuildConfiguration;
			baseConfigurationReference = EBB40FDF2EE68AC16CE70783 /* Pods-Parstagram.release.xcconfig */;
			buildSettings = {
				ASSETCATALOG_COMPILER_APPICON_NAME = AppIcon;
				ASSETCATALOG_COMPILER_GLOBAL_ACCENT_COLOR_NAME = AccentColor;
				CODE_SIGN_STYLE = Automatic;
				CURRENT_PROJECT_VERSION = 1;
				GENERATE_INFOPLIST_FILE = YES;
				INFOPLIST_FILE = Parstagram/Info.plist;
				INFOPLIST_KEY_UIApplicationSupportsIndirectInputEvents = YES;
				INFOPLIST_KEY_UILaunchStoryboardName = LaunchScreen;
				INFOPLIST_KEY_UIMainStoryboardFile = Main;
				INFOPLIST_KEY_UISupportedInterfaceOrientations_iPad = "UIInterfaceOrientationPortrait UIInterfaceOrientationPortraitUpsideDown UIInterfaceOrientationLandscapeLeft UIInterfaceOrientationLandscapeRight";
				INFOPLIST_KEY_UISupportedInterfaceOrientations_iPhone = "UIInterfaceOrientationPortrait UIInterfaceOrientationLandscapeLeft UIInterfaceOrientationLandscapeRight";
				LD_RUNPATH_SEARCH_PATHS = (
					"$(inherited)",
					"@executable_path/Frameworks",
				);
				MARKETING_VERSION = 1.0;
				PRODUCT_BUNDLE_IDENTIFIER = codepath.Parstagram;
				PRODUCT_NAME = "$(TARGET_NAME)";
				SWIFT_EMIT_LOC_STRINGS = YES;
				SWIFT_VERSION = 5.0;
				TARGETED_DEVICE_FAMILY = "1,2";
			};
			name = Release;
		};
		1BF0832228F4CF7E0036C4BF /* Debug */ = {
			isa = XCBuildConfiguration;
			baseConfigurationReference = B5C7E9EE3FED12B6FB9B6146 /* Pods-ParstagramTests.debug.xcconfig */;
			buildSettings = {
				ALWAYS_EMBED_SWIFT_STANDARD_LIBRARIES = YES;
				BUNDLE_LOADER = "$(TEST_HOST)";
				CODE_SIGN_STYLE = Automatic;
				CURRENT_PROJECT_VERSION = 1;
				GENERATE_INFOPLIST_FILE = YES;
				IPHONEOS_DEPLOYMENT_TARGET = 15.5;
				MARKETING_VERSION = 1.0;
				PRODUCT_BUNDLE_IDENTIFIER = codepath.ParstagramTests;
				PRODUCT_NAME = "$(TARGET_NAME)";
				SWIFT_EMIT_LOC_STRINGS = NO;
				SWIFT_VERSION = 5.0;
				TARGETED_DEVICE_FAMILY = "1,2";
				TEST_HOST = "$(BUILT_PRODUCTS_DIR)/Parstagram.app/Parstagram";
			};
			name = Debug;
		};
		1BF0832328F4CF7E0036C4BF /* Release */ = {
			isa = XCBuildConfiguration;
			baseConfigurationReference = 25B0BA827425A0701B8708D5 /* Pods-ParstagramTests.release.xcconfig */;
			buildSettings = {
				ALWAYS_EMBED_SWIFT_STANDARD_LIBRARIES = YES;
				BUNDLE_LOADER = "$(TEST_HOST)";
				CODE_SIGN_STYLE = Automatic;
				CURRENT_PROJECT_VERSION = 1;
				GENERATE_INFOPLIST_FILE = YES;
				IPHONEOS_DEPLOYMENT_TARGET = 15.5;
				MARKETING_VERSION = 1.0;
				PRODUCT_BUNDLE_IDENTIFIER = codepath.ParstagramTests;
				PRODUCT_NAME = "$(TARGET_NAME)";
				SWIFT_EMIT_LOC_STRINGS = NO;
				SWIFT_VERSION = 5.0;
				TARGETED_DEVICE_FAMILY = "1,2";
				TEST_HOST = "$(BUILT_PRODUCTS_DIR)/Parstagram.app/Parstagram";
			};
			name = Release;
		};
		1BF0832528F4CF7E0036C4BF /* Debug */ = {
			isa = XCBuildConfiguration;
			baseConfigurationReference = 69059D53AE5C4FDD5CFE4CE1 /* Pods-Parstagram-ParstagramUITests.debug.xcconfig */;
			buildSettings = {
				ALWAYS_EMBED_SWIFT_STANDARD_LIBRARIES = YES;
				CODE_SIGN_STYLE = Automatic;
				CURRENT_PROJECT_VERSION = 1;
				GENERATE_INFOPLIST_FILE = YES;
				MARKETING_VERSION = 1.0;
				PRODUCT_BUNDLE_IDENTIFIER = codepath.ParstagramUITests;
				PRODUCT_NAME = "$(TARGET_NAME)";
				SWIFT_EMIT_LOC_STRINGS = NO;
				SWIFT_VERSION = 5.0;
				TARGETED_DEVICE_FAMILY = "1,2";
				TEST_TARGET_NAME = Parstagram;
			};
			name = Debug;
		};
		1BF0832628F4CF7E0036C4BF /* Release */ = {
			isa = XCBuildConfiguration;
			baseConfigurationReference = 0033AB8EEDED67D6E64F6581 /* Pods-Parstagram-ParstagramUITests.release.xcconfig */;
			buildSettings = {
				ALWAYS_EMBED_SWIFT_STANDARD_LIBRARIES = YES;
				CODE_SIGN_STYLE = Automatic;
				CURRENT_PROJECT_VERSION = 1;
				GENERATE_INFOPLIST_FILE = YES;
				MARKETING_VERSION = 1.0;
				PRODUCT_BUNDLE_IDENTIFIER = codepath.ParstagramUITests;
				PRODUCT_NAME = "$(TARGET_NAME)";
				SWIFT_EMIT_LOC_STRINGS = NO;
				SWIFT_VERSION = 5.0;
				TARGETED_DEVICE_FAMILY = "1,2";
				TEST_TARGET_NAME = Parstagram;
			};
			name = Release;
		};
/* End XCBuildConfiguration section */

/* Begin XCConfigurationList section */
		1BF082EF28F4CF770036C4BF /* Build configuration list for PBXProject "Parstagram" */ = {
			isa = XCConfigurationList;
			buildConfigurations = (
				1BF0831C28F4CF7E0036C4BF /* Debug */,
				1BF0831D28F4CF7E0036C4BF /* Release */,
			);
			defaultConfigurationIsVisible = 0;
			defaultConfigurationName = Release;
		};
		1BF0831E28F4CF7E0036C4BF /* Build configuration list for PBXNativeTarget "Parstagram" */ = {
			isa = XCConfigurationList;
			buildConfigurations = (
				1BF0831F28F4CF7E0036C4BF /* Debug */,
				1BF0832028F4CF7E0036C4BF /* Release */,
			);
			defaultConfigurationIsVisible = 0;
			defaultConfigurationName = Release;
		};
		1BF0832128F4CF7E0036C4BF /* Build configuration list for PBXNativeTarget "ParstagramTests" */ = {
			isa = XCConfigurationList;
			buildConfigurations = (
				1BF0832228F4CF7E0036C4BF /* Debug */,
				1BF0832328F4CF7E0036C4BF /* Release */,
			);
			defaultConfigurationIsVisible = 0;
			defaultConfigurationName = Release;
		};
		1BF0832428F4CF7E0036C4BF /* Build configuration list for PBXNativeTarget "ParstagramUITests" */ = {
			isa = XCConfigurationList;
			buildConfigurations = (
				1BF0832528F4CF7E0036C4BF /* Debug */,
				1BF0832628F4CF7E0036C4BF /* Release */,
			);
			defaultConfigurationIsVisible = 0;
			defaultConfigurationName = Release;
		};
/* End XCConfigurationList section */
	};
	rootObject = 1BF082EC28F4CF770036C4BF /* Project object */;
}
